
Microsoft Visual Studio Solution File, Format Version 12.00
# Visual Studio Version 17
VisualStudioVersion = 17.13.35913.81 d17.13
MinimumVisualStudioVersion = 10.0.40219.1
Project("{FAE04EC0-301F-11D3-BF4B-00C04F79EFBC}") = "Solution", "Solution.csproj", "{1079641B-ED78-46F5-80EC-977ABD571EF3}"
EndProject
Project("{FAE04EC0-301F-11D3-BF4B-00C04F79EFBC}") = "ConsoleApp1", "..\ConsoleApp1\ConsoleApp1.csproj", "{F912C827-62C9-42A2-A68D-4C1EC8B285D5}"
EndProject
Global
	GlobalSection(SolutionConfigurationPlatforms) = preSolution
		Debug|Any CPU = Debug|Any CPU
		Release|Any CPU = Release|Any CPU
	EndGlobalSection
	GlobalSection(ProjectConfigurationPlatforms) = postSolution
		{1079641B-ED78-46F5-80EC-977ABD571EF3}.Debug|Any CPU.ActiveCfg = Debug|Any CPU
		{1079641B-ED78-46F5-80EC-977ABD571EF3}.Debug|Any CPU.Build.0 = Debug|Any CPU
		{1079641B-ED78-46F5-80EC-977ABD571EF3}.Release|Any CPU.ActiveCfg = Release|Any CPU
		{1079641B-ED78-46F5-80EC-977ABD571EF3}.Release|Any CPU.Build.0 = Release|Any CPU
		{F912C827-62C9-42A2-A68D-4C1EC8B285D5}.Debug|Any CPU.ActiveCfg = Debug|Any CPU
		{F912C827-62C9-42A2-A68D-4C1EC8B285D5}.Debug|Any CPU.Build.0 = Debug|Any CPU
		{F912C827-62C9-42A2-A68D-4C1EC8B285D5}.Release|Any CPU.ActiveCfg = Release|Any CPU
		{F912C827-62C9-42A2-A68D-4C1EC8B285D5}.Release|Any CPU.Build.0 = Release|Any CPU
	EndGlobalSection
	GlobalSection(SolutionProperties) = preSolution
		HideSolutionNode = FALSE
	EndGlobalSection
	GlobalSection(ExtensibilityGlobals) = postSolution
		SolutionGuid = {BF3DAEE5-9C9F-49CA-9AD1-4E33672550FE}
	EndGlobalSection
EndGlobal
